
Microsoft Visual Studio Solution File, Format Version 12.00
# Visual Studio 15
VisualStudioVersion = 15.0.27703.1
MinimumVisualStudioVersion = 10.0.40219.1
Project("{9A19103F-16F7-4668-BE54-9A1E7A4F7556}") = "InterfaceMocks", "InterfaceMocks\InterfaceMocks.csproj", "{D572EEFD-C971-4458-B436-0C7F1B429583}"
EndProject
Project("{2150E333-8FDC-42A3-9474-1A3956D46DE8}") = "SolutionFiles", "SolutionFiles", "{275B9749-A6B7-4456-A18C-97D166F6876C}"
	ProjectSection(SolutionItems) = preProject
		Fyzxs.IMockResharperPlugin.0.0.4.nupkg = Fyzxs.IMockResharperPlugin.0.0.4.nupkg
		LICENSE = LICENSE
		Project.txt = Project.txt
		README.md = README.md
	EndProjectSection
EndProject
Project("{9A19103F-16F7-4668-BE54-9A1E7A4F7556}") = "PomodoroTimerLib", "PomodoroTimerLib\PomodoroTimerLib.csproj", "{D6585BE6-30FF-439F-B52C-DB35284292C6}"
EndProject
Project("{9A19103F-16F7-4668-BE54-9A1E7A4F7556}") = "PomodoroTimerLibTests", "PomodoroTimerLibTests\PomodoroTimerLibTests.csproj", "{B1704CB0-BDD6-465C-A869-C8491ADAD5F1}"
EndProject
Project("{9A19103F-16F7-4668-BE54-9A1E7A4F7556}") = "ConsolePomodoro", "ConsolePomodoro\ConsolePomodoro.csproj", "{B3D17374-6852-4C26-946E-298EEC2B6106}"
EndProject
Project("{FAE04EC0-301F-11D3-BF4B-00C04F79EFBC}") = "PomodoroTimerDesktop", "PomodorTimerDesktop\PomodoroTimerDesktop.csproj", "{2B79FD90-828F-45D9-A0BC-5A1709209D8D}"
EndProject
Project("{FAE04EC0-301F-11D3-BF4B-00C04F79EFBC}") = "PomodoroTimerDesktopTests", "PomodoroTimerDesktopTests\PomodoroTimerDesktopTests.csproj", "{22553CF7-7571-4AE1-86B6-6B70B83783D7}"
EndProject
Project("{FAE04EC0-301F-11D3-BF4B-00C04F79EFBC}") = "InterfaceMocksStandard", "InterfaceMocksStandard\InterfaceMocksStandard.csproj", "{C8F8D22B-8724-4E1E-9450-8A0943806FF9}"
EndProject
Global
	GlobalSection(SolutionConfigurationPlatforms) = preSolution
		Debug|Any CPU = Debug|Any CPU
		Release|Any CPU = Release|Any CPU
	EndGlobalSection
	GlobalSection(ProjectConfigurationPlatforms) = postSolution
		{D572EEFD-C971-4458-B436-0C7F1B429583}.Debug|Any CPU.ActiveCfg = Debug|Any CPU
		{D572EEFD-C971-4458-B436-0C7F1B429583}.Debug|Any CPU.Build.0 = Debug|Any CPU
		{D572EEFD-C971-4458-B436-0C7F1B429583}.Release|Any CPU.ActiveCfg = Release|Any CPU
		{D572EEFD-C971-4458-B436-0C7F1B429583}.Release|Any CPU.Build.0 = Release|Any CPU
		{D6585BE6-30FF-439F-B52C-DB35284292C6}.Debug|Any CPU.ActiveCfg = Debug|Any CPU
		{D6585BE6-30FF-439F-B52C-DB35284292C6}.Debug|Any CPU.Build.0 = Debug|Any CPU
		{D6585BE6-30FF-439F-B52C-DB35284292C6}.Release|Any CPU.ActiveCfg = Release|Any CPU
		{D6585BE6-30FF-439F-B52C-DB35284292C6}.Release|Any CPU.Build.0 = Release|Any CPU
		{B1704CB0-BDD6-465C-A869-C8491ADAD5F1}.Debug|Any CPU.ActiveCfg = Debug|Any CPU
		{B1704CB0-BDD6-465C-A869-C8491ADAD5F1}.Debug|Any CPU.Build.0 = Debug|Any CPU
		{B1704CB0-BDD6-465C-A869-C8491ADAD5F1}.Release|Any CPU.ActiveCfg = Release|Any CPU
		{B1704CB0-BDD6-465C-A869-C8491ADAD5F1}.Release|Any CPU.Build.0 = Release|Any CPU
		{B3D17374-6852-4C26-946E-298EEC2B6106}.Debug|Any CPU.ActiveCfg = Debug|Any CPU
		{B3D17374-6852-4C26-946E-298EEC2B6106}.Debug|Any CPU.Build.0 = Debug|Any CPU
		{B3D17374-6852-4C26-946E-298EEC2B6106}.Release|Any CPU.ActiveCfg = Release|Any CPU
		{B3D17374-6852-4C26-946E-298EEC2B6106}.Release|Any CPU.Build.0 = Release|Any CPU
		{2B79FD90-828F-45D9-A0BC-5A1709209D8D}.Debug|Any CPU.ActiveCfg = Debug|Any CPU
		{2B79FD90-828F-45D9-A0BC-5A1709209D8D}.Debug|Any CPU.Build.0 = Debug|Any CPU
		{2B79FD90-828F-45D9-A0BC-5A1709209D8D}.Release|Any CPU.ActiveCfg = Release|Any CPU
		{2B79FD90-828F-45D9-A0BC-5A1709209D8D}.Release|Any CPU.Build.0 = Release|Any CPU
		{22553CF7-7571-4AE1-86B6-6B70B83783D7}.Debug|Any CPU.ActiveCfg = Debug|Any CPU
		{22553CF7-7571-4AE1-86B6-6B70B83783D7}.Debug|Any CPU.Build.0 = Debug|Any CPU
		{22553CF7-7571-4AE1-86B6-6B70B83783D7}.Release|Any CPU.ActiveCfg = Release|Any CPU
		{22553CF7-7571-4AE1-86B6-6B70B83783D7}.Release|Any CPU.Build.0 = Release|Any CPU
		{C8F8D22B-8724-4E1E-9450-8A0943806FF9}.Debug|Any CPU.ActiveCfg = Debug|Any CPU
		{C8F8D22B-8724-4E1E-9450-8A0943806FF9}.Debug|Any CPU.Build.0 = Debug|Any CPU
		{C8F8D22B-8724-4E1E-9450-8A0943806FF9}.Release|Any CPU.ActiveCfg = Release|Any CPU
		{C8F8D22B-8724-4E1E-9450-8A0943806FF9}.Release|Any CPU.Build.0 = Release|Any CPU
	EndGlobalSection
	GlobalSection(SolutionProperties) = preSolution
		HideSolutionNode = FALSE
	EndGlobalSection
	GlobalSection(ExtensibilityGlobals) = postSolution
		SolutionGuid = {A693D200-77B4-4C1C-B6AD-44A4FBD72C7B}
	EndGlobalSection
EndGlobal
